github.com/ryo-kagawa/go-utils v1.6.0 h1:DaXO2hg221RKJh3SNPEYMZ87DzNeBuIFgZlNnvcK5ys=
github.com/ryo-kagawa/go-utils v1.6.0/go.mod h1:hqhttnHappSAzDtiTYt40usUHRm+9iSa7pF8VApy0BQ=
golang.org/x/sys v0.46.0 h1:noSf2Fq6F8DBgS+LysIkx7rIExoNHJsxOAtPp4rthXw=
golang.org/x/sys v0.46.0/go.mod h1:4GL1E5IUh+htKOUEOaiffhrAeqysfVGipDYzABqnCmw=
golang.org/x/text v0.38.0 h1:sXmwo9DwP3OK9EZ7PqAdaooSGozfl/3a6/xJcbzPRhE=
golang.org/x/text v0.38.0/go.mod h1:YXZt3QhHUKYT53r2lLKFIVi6Ao1jdzrTR/KQ09qyxF4=
