github.com/ryo-kagawa/go-utils v1.6.0 h1:DaXO2hg221RKJh3SNPEYMZ87DzNeBuIFgZlNnvcK5ys=
github.com/ryo-kagawa/go-utils v1.6.0/go.mod h1:hqhttnHappSAzDtiTYt40usUHRm+9iSa7pF8VApy0BQ=
golang.org/x/sys v0.45.0 h1:dO4czNzziLiiXplLQgBCEpCvXQ3dnkn0SdaZSYdQ+FY=
golang.org/x/sys v0.45.0/go.mod h1:4GL1E5IUh+htKOUEOaiffhrAeqysfVGipDYzABqnCmw=
golang.org/x/text v0.37.0 h1:Cqjiwd9eSg8e0QAkyCaQTNHFIIzWtidPahFWR83rTrc=
golang.org/x/text v0.37.0/go.mod h1:a5sjxXGs9hsn/AJVwuElvCAo9v8QYLzvavO5z2PiM38=
