github.com/ryo-kagawa/go-utils v1.3.0 h1:ks5m/8V2SAZ4HRtrGAPP1GkmDu/ee0+NrfGODkhJrcE=
github.com/ryo-kagawa/go-utils v1.3.0/go.mod h1:H2sCkC83sJavplL661y+ej+GFrPiUQa4mDlYkTVdWRo=
golang.org/x/sys v0.36.0 h1:KVRy2GtZBrk1cBYA7MKu5bEZFxQk4NIDV6RLVcC8o0k=
golang.org/x/sys v0.36.0/go.mod h1:OgkHotnGiDImocRcuBABYBEXf8A9a87e/uXjp9XT3ks=
golang.org/x/text v0.28.0 h1:rhazDwis8INMIwQ4tpjLDzUhx6RlXqZNPEM0huQojng=
golang.org/x/text v0.28.0/go.mod h1:U8nCwOR8jO/marOQ0QbDiOngZVEBB7MAiitBuMjXiNU=
